PODS:
  - Alamofire (4.0.1)
  - WhiteLabel (1.0.1):
    - Alamofire (~> 4.0)

DEPENDENCIES:
  - WhiteLabel (from `../`)

EXTERNAL SOURCES:
  WhiteLabel:
    :path: ../

SPEC CHECKSUMS:
  Alamofire: 7682d43245de14874acd142ec137b144aa1dd335
  WhiteLabel: 5bc601599a8f41787bda6560f3132e2488c7b6d0

PODFILE CHECKSUM: 1ae4587df03c9d04c9555f245eb5c08d7425dc4f

COCOAPODS: 1.1.0.rc.2
