PODS:
  - Alamofire (4.2.0)
  - WhiteLabel (2.1.0):
    - Alamofire (~> 4.0)

DEPENDENCIES:
  - WhiteLabel (from `../`)

EXTERNAL SOURCES:
  WhiteLabel:
    :path: ../

SPEC CHECKSUMS:
  Alamofire: aa2e09d871c9160ac53c90e83c68064a94e3dfbe
  WhiteLabel: f07e6883d596f64aecbccc5cca78af95b6094a2d

PODFILE CHECKSUM: 456c56a79477d6cca5784bd04f90a73000fa661b

COCOAPODS: 1.2.0.beta.1
