PODS:
  - Alamofire (3.4.1)
  - SwiftyJSON (2.3.2)
  - WhiteLabel (0.2.0):
    - Alamofire (~> 3.4)
    - SwiftyJSON (~> 2.3)

DEPENDENCIES:
  - WhiteLabel (from `../`)

EXTERNAL SOURCES:
  WhiteLabel:
    :path: ../

SPEC CHECKSUMS:
  Alamofire: 01a82e2f6c0f860ade35534c8dd88be61bdef40c
  SwiftyJSON: 04ccea08915aa0109039157c7974cf0298da292a
  WhiteLabel: d29e3096634fa45239c0c619cdc770e37a625b20

PODFILE CHECKSUM: 1ae4587df03c9d04c9555f245eb5c08d7425dc4f

COCOAPODS: 1.0.1
